
Microsoft Visual Studio Solution File, Format Version 12.00
# Visual Studio Version 17
VisualStudioVersion = 17.14.37111.16 d17.14
MinimumVisualStudioVersion = 10.0.40219.1
Project("{FAE04EC0-301F-11D3-BF4B-00C04F79EFBC}") = "zadaniye1", "zadaniye1.csproj", "{95DA68CA-9777-4634-9DD2-088949246121}"
EndProject
Global
	GlobalSection(SolutionConfigurationPlatforms) = preSolution
		Debug|Any CPU = Debug|Any CPU
		Release|Any CPU = Release|Any CPU
	EndGlobalSection
	GlobalSection(ProjectConfigurationPlatforms) = postSolution
		{95DA68CA-9777-4634-9DD2-088949246121}.Debug|Any CPU.ActiveCfg = Debug|Any CPU
		{95DA68CA-9777-4634-9DD2-088949246121}.Debug|Any CPU.Build.0 = Debug|Any CPU
		{95DA68CA-9777-4634-9DD2-088949246121}.Release|Any CPU.ActiveCfg = Release|Any CPU
		{95DA68CA-9777-4634-9DD2-088949246121}.Release|Any CPU.Build.0 = Release|Any CPU
	EndGlobalSection
	GlobalSection(SolutionProperties) = preSolution
		HideSolutionNode = FALSE
	EndGlobalSection
	GlobalSection(ExtensibilityGlobals) = postSolution
		SolutionGuid = {EDCB5895-8527-44DE-AE0F-86D403465655}
	EndGlobalSection
EndGlobal
